{
  "name": "socketQueue",
  "version": "1.4.0",
  "lockfileVersion": 3,
  "requires": true,
  "packages": {
    "": {
      "name": "socketQueue",
      "version": "1.4.0",
      "license": "ISC",
      "dependencies": {
        "colors": "^1.0.3",
        "minimist": "^1.2.8",
        "moment": "^2.9.0",
        "winston": "^1.0.1",
        "winston-logstash": "^0.4.0"
      },
      "devDependencies": {}
    },
    "node_modules/async": {
      "version": "1.0.0",
      "resolved": "https://registry.npmjs.org/async/-/async-1.0.0.tgz",
      "integrity": "sha512-5mO7DX4CbJzp9zjaFXusQQ4tzKJARjNB1Ih1pVBi8wkbmXy/xzIDgEMXxWePLzt2OdFwaxfneIlT1nCiXubrPQ==",
      "license": "MIT"
    },
    "node_modules/colors": {
      "version": "1.4.0",
      "resolved": "https://registry.npmjs.org/colors/-/colors-1.4.0.tgz",
      "integrity": "sha512-a+UqTh4kgZg/SlGvfbzDHpgRu7AAQOmmqRHJnxhRZICKFUT91brVhNNt58CMWU9PsBbv3PDCZUHbVxuDiH2mtA==",
      "license": "MIT",
      "engines": {
        "node": ">=0.1.90"
      }
    },
    "node_modules/cycle": {
      "version": "1.0.3",
      "resolved": "https://registry.npmjs.org/cycle/-/cycle-1.0.3.tgz",
      "integrity": "sha512-TVF6svNzeQCOpjCqsy0/CSy8VgObG3wXusJ73xW2GbG5rGx7lC8zxDSURicsXI2UsGdi2L0QNRCi745/wUDvsA==",
      "engines": {
        "node": ">=0.4.0"
      }
    },
    "node_modules/eyes": {
      "version": "0.1.8",
      "resolved": "https://registry.npmjs.org/eyes/-/eyes-0.1.8.tgz",
      "integrity": "sha512-GipyPsXO1anza0AOZdy69Im7hGFCNB7Y/NGjDlZGJ3GJJLtwNSb2vrzYrTYJRrRloVx7pl+bhUaTB8yiccPvFQ==",
      "engines": {
        "node": "> 0.1.90"
      }
    },
    "node_modules/isstream": {
      "version": "0.1.2",
      "resolved": "https://registry.npmjs.org/isstream/-/isstream-0.1.2.tgz",
      "integrity": "sha512-Yljz7ffyPbrLpLngrMtZ7NduUgVvi6wG9RJ9IUcyCd59YQ911PBJphODUcbOVbqYfxe1wuYf/LJ8PauMRwsM/g==",
      "license": "MIT"
    },
    "node_modules/minimist": {
      "version": "1.2.8",
      "resolved": "https://registry.npmjs.org/minimist/-/minimist-1.2.8.tgz",
      "integrity": "sha512-2yyAR8qBkN3YuheJanUpWC5U3bb5osDywNB8RzDVlDwDHbocAJveqqj1u8+SVD7jkWT4yvsHCpWqqWqAxb0zCA==",
      "license": "MIT",
      "funding": {
        "url": "https://github.com/sponsors/ljharb"
      }
    },
    "node_modules/moment": {
      "version": "2.30.1",
      "resolved": "https://registry.npmjs.org/moment/-/moment-2.30.1.tgz",
      "integrity": "sha512-uEmtNhbDOrWPFS+hdjFCBfy9f2YoyzRpwcl+DqpC6taX21FzsTLQVbMV/W7PzNSX6x/bhC1zA3c2UQ5NzH6how==",
      "license": "MIT",
      "engines": {
        "node": "*"
      }
    },
    "node_modules/pkginfo": {
      "version": "0.3.1",
      "resolved": "https://registry.npmjs.org/pkginfo/-/pkginfo-0.3.1.tgz",
      "integrity": "sha512-yO5feByMzAp96LtP58wvPKSbaKAi/1C4kV9XpTctr6EepnP6F33RBNOiVrdz9BrPA98U2BMFsTNHo44TWcbQ2A==",
      "license": "MIT",
      "engines": {
        "node": ">= 0.4.0"
      }
    },
    "node_modules/stack-trace": {
      "version": "0.0.10",
      "resolved": "https://registry.npmjs.org/stack-trace/-/stack-trace-0.0.10.tgz",
      "integrity": "sha512-KGzahc7puUKkzyMt+IqAep+TVNbKP+k2Lmwhub39m1AsTSkaDutx56aDCo+HLDzf/D26BIHTJWNiTG1KAJiQCg==",
      "license": "MIT",
      "engines": {
        "node": "*"
      }
    },
    "node_modules/winston": {
      "version": "1.1.2",
      "resolved": "https://registry.npmjs.org/winston/-/winston-1.1.2.tgz",
      "integrity": "sha512-rl9hA8se2gjdYI6nP1f+kjjSCFCZrObIJB/eXOcMdzWxxcYp7exyc5Bs248fwLT+wHA/+aK0VtBlPHL8qO0T0w==",
      "license": "MIT",
      "dependencies": {
        "async": "~1.0.0",
        "colors": "1.0.x",
        "cycle": "1.0.x",
        "eyes": "0.1.x",
        "isstream": "0.1.x",
        "pkginfo": "0.3.x",
        "stack-trace": "0.0.x"
      },
      "engines": {
        "node": ">= 0.8.0"
      }
    },
    "node_modules/winston-logstash": {
      "version": "0.4.0",
      "resolved": "https://registry.npmjs.org/winston-logstash/-/winston-logstash-0.4.0.tgz",
      "integrity": "sha512-P31aKNVlgPWBWH5Q1mpa/S871bzofFF708FwjncU4vhxXfSJCVFC48yEk/iBgXCK4OlZkXtBxzRPEE+3dAdbEA==",
      "license": "MIT",
      "engines": {
        "node": ">=4"
      },
      "peerDependencies": {
        "winston": ">=0.7.3"
      }
    },
    "node_modules/winston/node_modules/colors": {
      "version": "1.0.3",
      "resolved": "https://registry.npmjs.org/colors/-/colors-1.0.3.tgz",
      "integrity": "sha512-pFGrxThWcWQ2MsAz6RtgeWe4NK2kUE1WfsrvvlctdII745EW9I0yflqhe7++M5LEc7bV2c/9/5zc8sFcpL0Drw==",
      "license": "MIT",
      "engines": {
        "node": ">=0.1.90"
      }
    }
  }
}
